lockfileVersion: '9.0'

settings:
  autoInstallPeers: true
  excludeLinksFromLockfile: false

importers:

  .:
    dependencies:
      cassandra-driver:
        specifier: ^4.7.2
        version: 4.8.0

packages:

  '@types/node@18.19.130':
    resolution: {integrity: sha512-GRaXQx6jGfL8sKfaIDD6OupbIHBr9jv7Jnaml9tB7l4v068PAOXqfcujMMo5PhbIs6ggR1XODELqahT2R8v0fg==}

  adm-zip@0.5.17:
    resolution: {integrity: sha512-+Ut8d9LLqwEvHHJl1+PIHqoyDxFgVN847JTVM3Izi3xHDWPE4UtzzXysMZQs64DMcrJfBeS/uoEP4AD3HQHnQQ==}
    engines: {node: '>=12.0'}

  cassandra-driver@4.8.0:
    resolution: {integrity: sha512-HritfMGq9V7SuESeSodHvArs0mLuMk7uh+7hQK2lqdvXrvm50aWxb4RPxkK3mPDdsgHjJ427xNRFITMH2ei+Sw==}
    engines: {node: '>=18'}

  long@5.2.5:
    resolution: {integrity: sha512-e0r9YBBgNCq1D1o5Dp8FMH0N5hsFtXDBiVa0qoJPHpakvZkmDKPRoGffZJII/XsHvj9An9blm+cRJ01yQqU+Dw==}

  undici-types@5.26.5:
    resolution: {integrity: sha512-JlCMO+ehdEIKqlFxk6IfVoAUVmgz7cU7zD/h9XZ0qzeosSHmUJVOzSQvvYSYWXkFXC+IfLKSIffhv0sVZup6pA==}

snapshots:

  '@types/node@18.19.130':
    dependencies:
      undici-types: 5.26.5

  adm-zip@0.5.17: {}

  cassandra-driver@4.8.0:
    dependencies:
      '@types/node': 18.19.130
      adm-zip: 0.5.17
      long: 5.2.5

  long@5.2.5: {}

  undici-types@5.26.5: {}
